
Microsoft Visual Studio Solution File, Format Version 12.00
# Visual Studio 14
VisualStudioVersion = 14.0.25420.1
MinimumVisualStudioVersion = 10.0.40219.1
Project("{2150E333-8FDC-42A3-9474-1A3956D46DE8}") = "src", "src", "{89D7AACD-E07B-44CF-AAC6-339DA84C423D}"
EndProject
Project("{2150E333-8FDC-42A3-9474-1A3956D46DE8}") = "Solution Items", "Solution Items", "{661E729D-8199-407C-9DCB-F731CA4EA667}"
	ProjectSection(SolutionItems) = preProject
		global.json = global.json
	EndProjectSection
EndProject
Project("{8BB2217D-0F2D-49D1-97BC-3654ED321F3B}") = "HomeNet", "src\HomeNet\HomeNet.xproj", "{64E58B68-704F-4260-878C-F8D46E10C4EA}"
EndProject
Project("{8BB2217D-0F2D-49D1-97BC-3654ED321F3B}") = "HomeNetProtocol", "src\HomeNetProtocol\HomeNetProtocol.xproj", "{5E1CE53F-31D1-46C7-8C66-EC87F1AD5F49}"
EndProject
Project("{8BB2217D-0F2D-49D1-97BC-3654ED321F3B}") = "HomeNetCrypto", "src\HomeNetCrypto\HomeNetCrypto.xproj", "{64631B76-D6CC-4F87-95D4-8703C0E0577E}"
EndProject
Project("{8BB2217D-0F2D-49D1-97BC-3654ED321F3B}") = "UnitTests", "src\UnitTests\UnitTests.xproj", "{1DED740D-F28F-4865-B01E-370E4BFDDBF0}"
	ProjectSection(ProjectDependencies) = postProject
		{64E58B68-704F-4260-878C-F8D46E10C4EA} = {64E58B68-704F-4260-878C-F8D46E10C4EA}
	EndProjectSection
EndProject
Project("{8BB2217D-0F2D-49D1-97BC-3654ED321F3B}") = "HomeNetProtocolTests", "src\HomeNetProtocolTests\HomeNetProtocolTests.xproj", "{BEEEB71B-D983-4907-ADA0-93A0FF33F7BC}"
EndProject
Project("{8BB2217D-0F2D-49D1-97BC-3654ED321F3B}") = "HomeNetProtocolTestsExecutor", "src\HomeNetProtocolTestsExecutor\HomeNetProtocolTestsExecutor.xproj", "{B1683DD3-75F5-41F3-93B3-27C784557625}"
EndProject
Global
	GlobalSection(SolutionConfigurationPlatforms) = preSolution
		Debug|Any CPU = Debug|Any CPU
		Release|Any CPU = Release|Any CPU
	EndGlobalSection
	GlobalSection(ProjectConfigurationPlatforms) = postSolution
		{64E58B68-704F-4260-878C-F8D46E10C4EA}.Debug|Any CPU.ActiveCfg = Debug|Any CPU
		{64E58B68-704F-4260-878C-F8D46E10C4EA}.Debug|Any CPU.Build.0 = Debug|Any CPU
		{64E58B68-704F-4260-878C-F8D46E10C4EA}.Release|Any CPU.ActiveCfg = Release|Any CPU
		{64E58B68-704F-4260-878C-F8D46E10C4EA}.Release|Any CPU.Build.0 = Release|Any CPU
		{5E1CE53F-31D1-46C7-8C66-EC87F1AD5F49}.Debug|Any CPU.ActiveCfg = Debug|Any CPU
		{5E1CE53F-31D1-46C7-8C66-EC87F1AD5F49}.Debug|Any CPU.Build.0 = Debug|Any CPU
		{5E1CE53F-31D1-46C7-8C66-EC87F1AD5F49}.Release|Any CPU.ActiveCfg = Release|Any CPU
		{5E1CE53F-31D1-46C7-8C66-EC87F1AD5F49}.Release|Any CPU.Build.0 = Release|Any CPU
		{64631B76-D6CC-4F87-95D4-8703C0E0577E}.Debug|Any CPU.ActiveCfg = Debug|Any CPU
		{64631B76-D6CC-4F87-95D4-8703C0E0577E}.Debug|Any CPU.Build.0 = Debug|Any CPU
		{64631B76-D6CC-4F87-95D4-8703C0E0577E}.Release|Any CPU.ActiveCfg = Release|Any CPU
		{64631B76-D6CC-4F87-95D4-8703C0E0577E}.Release|Any CPU.Build.0 = Release|Any CPU
		{1DED740D-F28F-4865-B01E-370E4BFDDBF0}.Debug|Any CPU.ActiveCfg = Debug|Any CPU
		{1DED740D-F28F-4865-B01E-370E4BFDDBF0}.Debug|Any CPU.Build.0 = Debug|Any CPU
		{1DED740D-F28F-4865-B01E-370E4BFDDBF0}.Release|Any CPU.ActiveCfg = Release|Any CPU
		{1DED740D-F28F-4865-B01E-370E4BFDDBF0}.Release|Any CPU.Build.0 = Release|Any CPU
		{BEEEB71B-D983-4907-ADA0-93A0FF33F7BC}.Debug|Any CPU.ActiveCfg = Debug|Any CPU
		{BEEEB71B-D983-4907-ADA0-93A0FF33F7BC}.Debug|Any CPU.Build.0 = Debug|Any CPU
		{BEEEB71B-D983-4907-ADA0-93A0FF33F7BC}.Release|Any CPU.ActiveCfg = Release|Any CPU
		{BEEEB71B-D983-4907-ADA0-93A0FF33F7BC}.Release|Any CPU.Build.0 = Release|Any CPU
		{B1683DD3-75F5-41F3-93B3-27C784557625}.Debug|Any CPU.ActiveCfg = Debug|Any CPU
		{B1683DD3-75F5-41F3-93B3-27C784557625}.Debug|Any CPU.Build.0 = Debug|Any CPU
		{B1683DD3-75F5-41F3-93B3-27C784557625}.Release|Any CPU.ActiveCfg = Release|Any CPU
		{B1683DD3-75F5-41F3-93B3-27C784557625}.Release|Any CPU.Build.0 = Release|Any CPU
	EndGlobalSection
	GlobalSection(SolutionProperties) = preSolution
		HideSolutionNode = FALSE
	EndGlobalSection
	GlobalSection(NestedProjects) = preSolution
		{64E58B68-704F-4260-878C-F8D46E10C4EA} = {89D7AACD-E07B-44CF-AAC6-339DA84C423D}
		{5E1CE53F-31D1-46C7-8C66-EC87F1AD5F49} = {89D7AACD-E07B-44CF-AAC6-339DA84C423D}
		{64631B76-D6CC-4F87-95D4-8703C0E0577E} = {89D7AACD-E07B-44CF-AAC6-339DA84C423D}
		{1DED740D-F28F-4865-B01E-370E4BFDDBF0} = {89D7AACD-E07B-44CF-AAC6-339DA84C423D}
		{BEEEB71B-D983-4907-ADA0-93A0FF33F7BC} = {89D7AACD-E07B-44CF-AAC6-339DA84C423D}
		{B1683DD3-75F5-41F3-93B3-27C784557625} = {89D7AACD-E07B-44CF-AAC6-339DA84C423D}
	EndGlobalSection
EndGlobal
